
Microsoft Visual Studio Solution File, Format Version 12.00
# Visual Studio 15
VisualStudioVersion = 15.0.28010.2048
MinimumVisualStudioVersion = 10.0.40219.1
Project("{FAE04EC0-301F-11D3-BF4B-00C04F79EFBC}") = "Lab9", "Lab9\Lab9.csproj", "{0921FAAA-5D41-40AF-9B75-4E1F48548280}"
EndProject
Global
	GlobalSection(SolutionConfigurationPlatforms) = preSolution
		Debug|Any CPU = Debug|Any CPU
		Release|Any CPU = Release|Any CPU
	EndGlobalSection
	GlobalSection(ProjectConfigurationPlatforms) = postSolution
		{0921FAAA-5D41-40AF-9B75-4E1F48548280}.Debug|Any CPU.ActiveCfg = Debug|Any CPU
		{0921FAAA-5D41-40AF-9B75-4E1F48548280}.Debug|Any CPU.Build.0 = Debug|Any CPU
		{0921FAAA-5D41-40AF-9B75-4E1F48548280}.Release|Any CPU.ActiveCfg = Release|Any CPU
		{0921FAAA-5D41-40AF-9B75-4E1F48548280}.Release|Any CPU.Build.0 = Release|Any CPU
	EndGlobalSection
	GlobalSection(SolutionProperties) = preSolution
		HideSolutionNode = FALSE
	EndGlobalSection
	GlobalSection(ExtensibilityGlobals) = postSolution
		SolutionGuid = {0D8E91BB-32B3-40C1-AF0F-A11E5BBB1078}
	EndGlobalSection
EndGlobal
