
Microsoft Visual Studio Solution File, Format Version 12.00
# Visual Studio 15
VisualStudioVersion = 15.0.28010.2048
MinimumVisualStudioVersion = 10.0.40219.1
Project("{FAE04EC0-301F-11D3-BF4B-00C04F79EFBC}") = "Lab8", "Lab8\Lab8.csproj", "{CD50E74D-EB2C-4DCB-BDD8-4ABFE94A770B}"
EndProject
Global
	GlobalSection(SolutionConfigurationPlatforms) = preSolution
		Debug|Any CPU = Debug|Any CPU
		Release|Any CPU = Release|Any CPU
	EndGlobalSection
	GlobalSection(ProjectConfigurationPlatforms) = postSolution
		{CD50E74D-EB2C-4DCB-BDD8-4ABFE94A770B}.Debug|Any CPU.ActiveCfg = Debug|Any CPU
		{CD50E74D-EB2C-4DCB-BDD8-4ABFE94A770B}.Debug|Any CPU.Build.0 = Debug|Any CPU
		{CD50E74D-EB2C-4DCB-BDD8-4ABFE94A770B}.Release|Any CPU.ActiveCfg = Release|Any CPU
		{CD50E74D-EB2C-4DCB-BDD8-4ABFE94A770B}.Release|Any CPU.Build.0 = Release|Any CPU
	EndGlobalSection
	GlobalSection(SolutionProperties) = preSolution
		HideSolutionNode = FALSE
	EndGlobalSection
	GlobalSection(ExtensibilityGlobals) = postSolution
		SolutionGuid = {DFE6A2A0-43A0-43AB-8634-58BD26705E34}
	EndGlobalSection
EndGlobal
